// !$*UTF8*$!
{
	archiveVersion = 1;
	classes = {
	};
	objectVersion = 46;
	objects = {

/* Begin PBXBuildFile section */
		8020B90C1F0DD690009DFEC8 /* main.m in Sources */ = {isa = PBXBuildFile; fileRef = 8020B90B1F0DD690009DFEC8 /* main.m */; };
		8020B90F1F0DD690009DFEC8 /* AppDelegate.m in Sources */ = {isa = PBXBuildFile; fileRef = 8020B90E1F0DD690009DFEC8 /* AppDelegate.m */; };
		8020B9121F0DD690009DFEC8 /* ViewController.m in Sources */ = {isa = PBXBuildFile; fileRef = 8020B9111F0DD690009DFEC8 /* ViewController.m */; };
		8020B9151F0DD690009DFEC8 /* Main.storyboard in Resources */ = {isa = PBXBuildFile; fileRef = 8020B9131F0DD690009DFEC8 /* Main.storyboard */; };
		8020B9171F0DD690009DFEC8 /* Assets.xcassets in Resources */ = {isa = PBXBuildFile; fileRef = 8020B9161F0DD690009DFEC8 /* Assets.xcassets */; };
		8020B91A1F0DD690009DFEC8 /* LaunchScreen.storyboard in Resources */ = {isa = PBXBuildFile; fileRef = 8020B9181F0DD690009DFEC8 /* LaunchScreen.storyboard */; };
		8020B9261F0DE2FE009DFEC8 /* NSDictionary+CLLocation.m in Sources */ = {isa = PBXBuildFile; fileRef = 8020B9241F0DE2FE009DFEC8 /* NSDictionary+CLLocation.m */; };
		8020B9291F0E0906009DFEC8 /* CoreLocation.framework in Frameworks */ = {isa = PBXBuildFile; fileRef = 8020B9281F0E0905009DFEC8 /* CoreLocation.framework */; };
/* End PBXBuildFile section */

/* Begin PBXFileReference section */
		8020B9071F0DD690009DFEC8 /* 根据图片获取拍照时间和拍照地点.app */ = {isa = PBXFileReference; explicitFileType = wrapper.application; includeInIndex = 0; path = "根据图片获取拍照时间和拍照地点.app"; sourceTree = BUILT_PRODUCTS_DIR; };
		8020B90B1F0DD690009DFEC8 /* main.m */ = {isa = PBXFileReference; lastKnownFileType = sourcecode.c.objc; path = main.m; sourceTree = "<group>"; };
		8020B90D1F0DD690009DFEC8 /* AppDelegate.h */ = {isa = PBXFileReference; lastKnownFileType = sourcecode.c.h; path = AppDelegate.h; sourceTree = "<group>"; };
		8020B90E1F0DD690009DFEC8 /* AppDelegate.m */ = {isa = PBXFileReference; lastKnownFileType = sourcecode.c.objc; path = AppDelegate.m; sourceTree = "<group>"; };
		8020B9101F0DD690009DFEC8 /* ViewController.h */ = {isa = PBXFileReference; lastKnownFileType = sourcecode.c.h; path = ViewController.h; sourceTree = "<group>"; };
		8020B9111F0DD690009DFEC8 /* ViewController.m */ = {isa = PBXFileReference; lastKnownFileType = sourcecode.c.objc; path = ViewController.m; sourceTree = "<group>"; };
		8020B9141F0DD690009DFEC8 /* Base */ = {isa = PBXFileReference; lastKnownFileType = file.storyboard; name = Base; path = Base.lproj/Main.storyboard; sourceTree = "<group>"; };
		8020B9161F0DD690009DFEC8 /* Assets.xcassets */ = {isa = PBXFileReference; lastKnownFileType = folder.assetcatalog; path = Assets.xcassets; sourceTree = "<group>"; };
		8020B9191F0DD690009DFEC8 /* Base */ = {isa = PBXFileReference; lastKnownFileType = file.storyboard; name = Base; path = Base.lproj/LaunchScreen.storyboard; sourceTree = "<group>"; };
		8020B91B1F0DD690009DFEC8 /* Info.plist */ = {isa = PBXFileReference; lastKnownFileType = text.plist.xml; path = Info.plist; sourceTree = "<group>"; };
		8020B9231F0DE2FE009DFEC8 /* NSDictionary+CLLocation.h */ = {isa = PBXFileReference; fileEncoding = 4; lastKnownFileType = sourcecode.c.h; path = "NSDictionary+CLLocation.h"; sourceTree = "<group>"; };
		8020B9241F0DE2FE009DFEC8 /* NSDictionary+CLLocation.m */ = {isa = PBXFileReference; fileEncoding = 4; lastKnownFileType = sourcecode.c.objc; path = "NSDictionary+CLLocation.m"; sourceTree = "<group>"; };
		8020B9281F0E0905009DFEC8 /* CoreLocation.framework */ = {isa = PBXFileReference; lastKnownFileType = wrapper.framework; name = CoreLocation.framework; path = System/Library/Frameworks/CoreLocation.framework; sourceTree = SDKROOT; };
/* End PBXFileReference section */

/* Begin PBXFrameworksBuildPhase section */
		8020B9041F0DD690009DFEC8 /* Frameworks */ = {
			isa = PBXFrameworksBuildPhase;
			buildActionMask = 2147483647;
			files = (
				8020B9291F0E0906009DFEC8 /* CoreLocation.framework in Frameworks */,
			);
			runOnlyForDeploymentPostprocessing = 0;
		};
/* End PBXFrameworksBuildPhase section */

/* Begin PBXGroup section */
		8020B8FE1F0DD690009DFEC8 = {
			isa = PBXGroup;
			children = (
				8020B9091F0DD690009DFEC8 /* 根据图片获取拍照时间和拍照地点 */,
				8020B9081F0DD690009DFEC8 /* Products */,
				8020B9271F0E0905009DFEC8 /* Frameworks */,
			);
			sourceTree = "<group>";
		};
		8020B9081F0DD690009DFEC8 /* Products */ = {
			isa = PBXGroup;
			children = (
				8020B9071F0DD690009DFEC8 /* 根据图片获取拍照时间和拍照地点.app */,
			);
			name = Products;
			sourceTree = "<group>";
		};
		8020B9091F0DD690009DFEC8 /* 根据图片获取拍照时间和拍照地点 */ = {
			isa = PBXGroup;
			children = (
				8020B9231F0DE2FE009DFEC8 /* NSDictionary+CLLocation.h */,
				8020B9241F0DE2FE009DFEC8 /* NSDictionary+CLLocation.m */,
				8020B90D1F0DD690009DFEC8 /* AppDelegate.h */,
				8020B90E1F0DD690009DFEC8 /* AppDelegate.m */,
				8020B9101F0DD690009DFEC8 /* ViewController.h */,
				8020B9111F0DD690009DFEC8 /* ViewController.m */,
				8020B9131F0DD690009DFEC8 /* Main.storyboard */,
				8020B9161F0DD690009DFEC8 /* Assets.xcassets */,
				8020B9181F0DD690009DFEC8 /* LaunchScreen.storyboard */,
				8020B91B1F0DD690009DFEC8 /* Info.plist */,
				8020B90A1F0DD690009DFEC8 /* Supporting Files */,
			);
			path = "根据图片获取拍照时间和拍照地点";
			sourceTree = "<group>";
		};
		8020B90A1F0DD690009DFEC8 /* Supporting Files */ = {
			isa = PBXGroup;
			children = (
				8020B90B1F0DD690009DFEC8 /* main.m */,
			);
			name = "Supporting Files";
			sourceTree = "<group>";
		};
		8020B9271F0E0905009DFEC8 /* Frameworks */ = {
			isa = PBXGroup;
			children = (
				8020B9281F0E0905009DFEC8 /* CoreLocation.framework */,
			);
			name = Frameworks;
			sourceTree = "<group>";
		};
/* End PBXGroup section */

/* Begin PBXNativeTarget section */
		8020B9061F0DD690009DFEC8 /* 根据图片获取拍照时间和拍照地点 */ = {
			isa = PBXNativeTarget;
			buildConfigurationList = 8020B91E1F0DD690009DFEC8 /* Build configuration list for PBXNativeTarget "根据图片获取拍照时间和拍照地点" */;
			buildPhases = (
				8020B9031F0DD690009DFEC8 /* Sources */,
				8020B9041F0DD690009DFEC8 /* Frameworks */,
				8020B9051F0DD690009DFEC8 /* Resources */,
			);
			buildRules = (
			);
			dependencies = (
			);
			name = "根据图片获取拍照时间和拍照地点";
			productName = "根据图片获取拍照时间和拍照地点";
			productReference = 8020B9071F0DD690009DFEC8 /* 根据图片获取拍照时间和拍照地点.app */;
			productType = "com.apple.product-type.application";
		};
/* End PBXNativeTarget section */

/* Begin PBXProject section */
		8020B8FF1F0DD690009DFEC8 /* Project object */ = {
			isa = PBXProject;
			attributes = {
				LastUpgradeCheck = 0830;
				ORGANIZATIONNAME = huangbaoche;
				TargetAttributes = {
					8020B9061F0DD690009DFEC8 = {
						CreatedOnToolsVersion = 8.3.3;
						DevelopmentTeam = 8QBKS6FXA6;
						ProvisioningStyle = Automatic;
					};
				};
			};
			buildConfigurationList = 8020B9021F0DD690009DFEC8 /* Build configuration list for PBXProject "根据图片获取拍照时间和拍照地点" */;
			compatibilityVersion = "Xcode 3.2";
			developmentRegion = English;
			hasScannedForEncodings = 0;
			knownRegions = (
				en,
				Base,
			);
			mainGroup = 8020B8FE1F0DD690009DFEC8;
			productRefGroup = 8020B9081F0DD690009DFEC8 /* Products */;
			projectDirPath = "";
			projectRoot = "";
			targets = (
				8020B9061F0DD690009DFEC8 /* 根据图片获取拍照时间和拍照地点 */,
			);
		};
/* End PBXProject section */

/* Begin PBXResourcesBuildPhase section */
		8020B9051F0DD690009DFEC8 /* Resources */ = {
			isa = PBXResourcesBuildPhase;
			buildActionMask = 2147483647;
			files = (
				8020B91A1F0DD690009DFEC8 /* LaunchScreen.storyboard in Resources */,
				8020B9171F0DD690009DFEC8 /* Assets.xcassets in Resources */,
				8020B9151F0DD690009DFEC8 /* Main.storyboard in Resources */,
			);
			runOnlyForDeploymentPostprocessing = 0;
		};
/* End PBXResourcesBuildPhase section */

/* Begin PBXSourcesBuildPhase section */
		8020B9031F0DD690009DFEC8 /* Sources */ = {
			isa = PBXSourcesBuildPhase;
			buildActionMask = 2147483647;
			files = (
				8020B9121F0DD690009DFEC8 /* ViewController.m in Sources */,
				8020B9261F0DE2FE009DFEC8 /* NSDictionary+CLLocation.m in Sources */,
				8020B90F1F0DD690009DFEC8 /* AppDelegate.m in Sources */,
				8020B90C1F0DD690009DFEC8 /* main.m in Sources */,
			);
			runOnlyForDeploymentPostprocessing = 0;
		};
/* End PBXSourcesBuildPhase section */

/* Begin PBXVariantGroup section */
		8020B9131F0DD690009DFEC8 /* Main.storyboard */ = {
			isa = PBXVariantGroup;
			children = (
				8020B9141F0DD690009DFEC8 /* Base */,
			);
			name = Main.storyboard;
			sourceTree = "<group>";
		};
		8020B9181F0DD690009DFEC8 /* LaunchScreen.storyboard */ = {
			isa = PBXVariantGroup;
			children = (
				8020B9191F0DD690009DFEC8 /* Base */,
			);
			name = LaunchScreen.storyboard;
			sourceTree = "<group>";
		};
/* End PBXVariantGroup section */

/* Begin XCBuildConfiguration section */
		8020B91C1F0DD690009DFEC8 /* Debug */ = {
			isa = XCBuildConfiguration;
			buildSettings = {
				ALWAYS_SEARCH_USER_PATHS = NO;
				CLANG_ANALYZER_NONNULL = YES;
				CLANG_ANALYZER_NUMBER_OBJECT_CONVERSION = YES_AGGRESSIVE;
				CLANG_CXX_LANGUAGE_STANDARD = "gnu++0x";
				CLANG_CXX_LIBRARY = "libc++";
				CLANG_ENABLE_MODULES = YES;
				CLANG_ENABLE_OBJC_ARC = YES;
				CLANG_WARN_BOOL_CONVERSION = YES;
				CLANG_WARN_CONSTANT_CONVERSION = YES;
				CLANG_WARN_DIRECT_OBJC_ISA_USAGE = YES_ERROR;
				CLANG_WARN_DOCUMENTATION_COMMENTS = YES;
				CLANG_WARN_EMPTY_BODY = YES;
				CLANG_WARN_ENUM_CONVERSION = YES;
				CLANG_WARN_INFINITE_RECURSION = YES;
				CLANG_WARN_INT_CONVERSION = YES;
				CLANG_WARN_OBJC_ROOT_CLASS = YES_ERROR;
				CLANG_WARN_SUSPICIOUS_MOVE = YES;
				CLANG_WARN_UNREACHABLE_CODE = YES;
				CLANG_WARN__DUPLICATE_METHOD_MATCH = YES;
				"CODE_SIGN_IDENTITY[sdk=iphoneos*]" = "iPhone Developer";
				COPY_PHASE_STRIP = NO;
				DEBUG_INFORMATION_FORMAT = dwarf;
				ENABLE_STRICT_OBJC_MSGSEND = YES;
				ENABLE_TESTABILITY = YES;
				GCC_C_LANGUAGE_STANDARD = gnu99;
				GCC_DYNAMIC_NO_PIC = NO;
				GCC_NO_COMMON_BLOCKS = YES;
				GCC_OPTIMIZATION_LEVEL = 0;
				GCC_PREPROCESSOR_DEFINITIONS = (
					"DEBUG=1",
					"$(inherited)",
				);
				GCC_WARN_64_TO_32_BIT_CONVERSION = YES;
				GCC_WARN_ABOUT_RETURN_TYPE = YES_ERROR;
				GCC_WARN_UNDECLARED_SELECTOR = YES;
				GCC_WARN_UNINITIALIZED_AUTOS = YES_AGGRESSIVE;
				GCC_WARN_UNUSED_FUNCTION = YES;
				GCC_WARN_UNUSED_VARIABLE = YES;
				IPHONEOS_DEPLOYMENT_TARGET = 10.3;
				MTL_ENABLE_DEBUG_INFO = YES;
				ONLY_ACTIVE_ARCH = YES;
				SDKROOT = iphoneos;
				TARGETED_DEVICE_FAMILY = "1,2";
			};
			name = Debug;
		};
		8020B91D1F0DD690009DFEC8 /* Release */ = {
			isa = XCBuildConfiguration;
			buildSettings = {
				ALWAYS_SEARCH_USER_PATHS = NO;
				CLANG_ANALYZER_NONNULL = YES;
				CLANG_ANALYZER_NUMBER_OBJECT_CONVERSION = YES_AGGRESSIVE;
				CLANG_CXX_LANGUAGE_STANDARD = "gnu++0x";
				CLANG_CXX_LIBRARY = "libc++";
				CLANG_ENABLE_MODULES = YES;
				CLANG_ENABLE_OBJC_ARC = YES;
				CLANG_WARN_BOOL_CONVERSION = YES;
				CLANG_WARN_CONSTANT_CONVERSION = YES;
				CLANG_WARN_DIRECT_OBJC_ISA_USAGE = YES_ERROR;
				CLANG_WARN_DOCUMENTATION_COMMENTS = YES;
				CLANG_WARN_EMPTY_BODY = YES;
				CLANG_WARN_ENUM_CONVERSION = YES;
				CLANG_WARN_INFINITE_RECURSION = YES;
				CLANG_WARN_INT_CONVERSION = YES;
				CLANG_WARN_OBJC_ROOT_CLASS = YES_ERROR;
				CLANG_WARN_SUSPICIOUS_MOVE = YES;
				CLANG_WARN_UNREACHABLE_CODE = YES;
				CLANG_WARN__DUPLICATE_METHOD_MATCH = YES;
				"CODE_SIGN_IDENTITY[sdk=iphoneos*]" = "iPhone Developer";
				COPY_PHASE_STRIP = NO;
				DEBUG_INFORMATION_FORMAT = "dwarf-with-dsym";
				ENABLE_NS_ASSERTIONS = NO;
				ENABLE_STRICT_OBJC_MSGSEND = YES;
				GCC_C_LANGUAGE_STANDARD = gnu99;
				GCC_NO_COMMON_BLOCKS = YES;
				GCC_WARN_64_TO_32_BIT_CONVERSION = YES;
				GCC_WARN_ABOUT_RETURN_TYPE = YES_ERROR;
				GCC_WARN_UNDECLARED_SELECTOR = YES;
				GCC_WARN_UNINITIALIZED_AUTOS = YES_AGGRESSIVE;
				GCC_WARN_UNUSED_FUNCTION = YES;
				GCC_WARN_UNUSED_VARIABLE = YES;
				IPHONEOS_DEPLOYMENT_TARGET = 10.3;
				MTL_ENABLE_DEBUG_INFO = NO;
				SDKROOT = iphoneos;
				TARGETED_DEVICE_FAMILY = "1,2";
				VALIDATE_PRODUCT = YES;
			};
			name = Release;
		};
		8020B91F1F0DD690009DFEC8 /* Debug */ = {
			isa = XCBuildConfiguration;
			buildSettings = {
				ASSETCATALOG_COMPILER_APPICON_NAME = AppIcon;
				DEVELOPMENT_TEAM = 8QBKS6FXA6;
				INFOPLIST_FILE = "根据图片获取拍照时间和拍照地点/Info.plist";
				IPHONEOS_DEPLOYMENT_TARGET = 8.0;
				LD_RUNPATH_SEARCH_PATHS = "$(inherited) @executable_path/Frameworks";
				PRODUCT_BUNDLE_IDENTIFIER = "HBC.---------------";
				PRODUCT_NAME = "$(TARGET_NAME)";
			};
			name = Debug;
		};
		8020B9201F0DD690009DFEC8 /* Release */ = {
			isa = XCBuildConfiguration;
			buildSettings = {
				ASSETCATALOG_COMPILER_APPICON_NAME = AppIcon;
				DEVELOPMENT_TEAM = 8QBKS6FXA6;
				INFOPLIST_FILE = "根据图片获取拍照时间和拍照地点/Info.plist";
				IPHONEOS_DEPLOYMENT_TARGET = 8.0;
				LD_RUNPATH_SEARCH_PATHS = "$(inherited) @executable_path/Frameworks";
				PRODUCT_BUNDLE_IDENTIFIER = "HBC.---------------";
				PRODUCT_NAME = "$(TARGET_NAME)";
			};
			name = Release;
		};
/* End XCBuildConfiguration section */

/* Begin XCConfigurationList section */
		8020B9021F0DD690009DFEC8 /* Build configuration list for PBXProject "根据图片获取拍照时间和拍照地点" */ = {
			isa = XCConfigurationList;
			buildConfigurations = (
				8020B91C1F0DD690009DFEC8 /* Debug */,
				8020B91D1F0DD690009DFEC8 /* Release */,
			);
			defaultConfigurationIsVisible = 0;
			defaultConfigurationName = Release;
		};
		8020B91E1F0DD690009DFEC8 /* Build configuration list for PBXNativeTarget "根据图片获取拍照时间和拍照地点" */ = {
			isa = XCConfigurationList;
			buildConfigurations = (
				8020B91F1F0DD690009DFEC8 /* Debug */,
				8020B9201F0DD690009DFEC8 /* Release */,
			);
			defaultConfigurationIsVisible = 0;
		};
/* End XCConfigurationList section */
	};
	rootObject = 8020B8FF1F0DD690009DFEC8 /* Project object */;
}
